
Microsoft Visual Studio Solution File, Format Version 12.00
# Visual Studio Version 17
VisualStudioVersion = 17.8.34511.84
MinimumVisualStudioVersion = 10.0.40219.1
Project("{FAE04EC0-301F-11D3-BF4B-00C04F79EFBC}") = "Chat Bass.net Teste", "Chat Bass.net Teste\Chat Bass.net Teste.csproj", "{C03F1D1A-5CB0-4FD3-8593-0ECF14978891}"
EndProject
Project("{2150E333-8FDC-42A3-9474-1A3956D46DE8}") = "Solution Items", "Solution Items", "{DEA85A01-6505-4840-AC43-E24104E9E9C3}"
EndProject
Global
	GlobalSection(SolutionConfigurationPlatforms) = preSolution
		Debug|Any CPU = Debug|Any CPU
		Release|Any CPU = Release|Any CPU
	EndGlobalSection
	GlobalSection(ProjectConfigurationPlatforms) = postSolution
		{C03F1D1A-5CB0-4FD3-8593-0ECF14978891}.Debug|Any CPU.ActiveCfg = Debug|Any CPU
		{C03F1D1A-5CB0-4FD3-8593-0ECF14978891}.Debug|Any CPU.Build.0 = Debug|Any CPU
		{C03F1D1A-5CB0-4FD3-8593-0ECF14978891}.Release|Any CPU.ActiveCfg = Release|Any CPU
		{C03F1D1A-5CB0-4FD3-8593-0ECF14978891}.Release|Any CPU.Build.0 = Release|Any CPU
	EndGlobalSection
	GlobalSection(SolutionProperties) = preSolution
		HideSolutionNode = FALSE
	EndGlobalSection
	GlobalSection(ExtensibilityGlobals) = postSolution
		SolutionGuid = {C072C72A-D2EE-4C98-8A25-3AB1D0B14753}
	EndGlobalSection
EndGlobal
